Microsoft Visual Studio Solution File, Format Version 11.00
# Visual Studio 2008

Project("{989B8E89-629B-7DE4-8FA0-638A72E5F17F}") = "ProjectUpdate", "Assembly-CSharp-firstpass-vs.csproj", "{B5764B1C-AE22-22B4-0450-52084237FFF9}"
EndProject
Project("{989B8E89-629B-7DE4-8FA0-638A72E5F17F}") = "ProjectUpdate", "Assembly-CSharp-vs.csproj", "{36127822-A662-1D13-408A-642A2B973C8E}"
EndProject
Project("{989B8E89-629B-7DE4-8FA0-638A72E5F17F}") = "ProjectUpdate", "Assembly-CSharp-Editor-vs.csproj", "{BBF2429C-AD1C-9AF2-F485-532E7D7D06ED}"
EndProject
Global
	GlobalSection(SolutionConfigurationPlatforms) = preSolution
		Debug|Any CPU = Debug|Any CPU
		Release|Any CPU = Release|Any CPU
	EndGlobalSection
	GlobalSection(ProjectConfigurationPlatforms) = postSolution
		{B5764B1C-AE22-22B4-0450-52084237FFF9}.Debug|Any CPU.ActiveCfg = Debug|Any CPU
		{B5764B1C-AE22-22B4-0450-52084237FFF9}.Debug|Any CPU.Build.0 = Debug|Any CPU
		{B5764B1C-AE22-22B4-0450-52084237FFF9}.Release|Any CPU.ActiveCfg = Release|Any CPU
		{B5764B1C-AE22-22B4-0450-52084237FFF9}.Release|Any CPU.Build.0 = Release|Any CPU
		{36127822-A662-1D13-408A-642A2B973C8E}.Debug|Any CPU.ActiveCfg = Debug|Any CPU
		{36127822-A662-1D13-408A-642A2B973C8E}.Debug|Any CPU.Build.0 = Debug|Any CPU
		{36127822-A662-1D13-408A-642A2B973C8E}.Release|Any CPU.ActiveCfg = Release|Any CPU
		{36127822-A662-1D13-408A-642A2B973C8E}.Release|Any CPU.Build.0 = Release|Any CPU
		{BBF2429C-AD1C-9AF2-F485-532E7D7D06ED}.Debug|Any CPU.ActiveCfg = Debug|Any CPU
		{BBF2429C-AD1C-9AF2-F485-532E7D7D06ED}.Debug|Any CPU.Build.0 = Debug|Any CPU
		{BBF2429C-AD1C-9AF2-F485-532E7D7D06ED}.Release|Any CPU.ActiveCfg = Release|Any CPU
		{BBF2429C-AD1C-9AF2-F485-532E7D7D06ED}.Release|Any CPU.Build.0 = Release|Any CPU
	EndGlobalSection
	GlobalSection(SolutionProperties) = preSolution
		HideSolutionNode = FALSE
	EndGlobalSection
									GlobalSection(MonoDevelopProperties) = preSolution
		StartupItem = Assembly-CSharp.csproj
		Policies = $0
		$0.TextStylePolicy = $1
		$1.inheritsSet = null
		$1.scope = text/x-csharp
		$0.CSharpFormattingPolicy = $2
		$2.inheritsSet = Mono
		$2.inheritsScope = text/x-csharp
		$2.scope = text/x-csharp
		$0.TextStylePolicy = $3
		$3.FileWidth = 120
		$3.TabWidth = 4
		$3.IndentWidth = 4
		$3.EolMarker = Unix
		$3.inheritsSet = Mono
		$3.inheritsScope = text/plain
		$3.scope = text/plain
	EndGlobalSection

EndGlobal
