Microsoft Visual Studio Solution File, Format Version 11.00
# Visual Studio 2008

Project("{759E7402-E4E2-A573-2B75-12D6C23AAA14}") = "ProjectUpdate2", "Assembly-CSharp-firstpass.csproj", "{A9CF4E1A-E6A9-8EB8-D965-8335F7266EC1}"
EndProject
Project("{759E7402-E4E2-A573-2B75-12D6C23AAA14}") = "ProjectUpdate2", "Assembly-CSharp.csproj", "{A0233515-83A5-BCB6-CDBC-FE9E92340ED8}"
EndProject
Project("{759E7402-E4E2-A573-2B75-12D6C23AAA14}") = "ProjectUpdate2", "Assembly-CSharp-Editor.csproj", "{23AE6E40-76D7-C91E-A26F-B61284514921}"
EndProject
Project("{759E7402-E4E2-A573-2B75-12D6C23AAA14}") = "ProjectUpdate2", "Assembly-UnityScript-firstpass.unityproj", "{0366F7D7-92C3-6C0B-B398-F8236D59B779}"
EndProject
Project("{759E7402-E4E2-A573-2B75-12D6C23AAA14}") = "ProjectUpdate2", "Assembly-UnityScript.unityproj", "{A01E7C79-52C5-7740-2D8B-F5502E7C360B}"
EndProject
Global
	GlobalSection(SolutionConfigurationPlatforms) = preSolution
		Debug|Any CPU = Debug|Any CPU
		Release|Any CPU = Release|Any CPU
	EndGlobalSection
	GlobalSection(ProjectConfigurationPlatforms) = postSolution
		{A9CF4E1A-E6A9-8EB8-D965-8335F7266EC1}.Debug|Any CPU.ActiveCfg = Debug|Any CPU
		{A9CF4E1A-E6A9-8EB8-D965-8335F7266EC1}.Debug|Any CPU.Build.0 = Debug|Any CPU
		{A9CF4E1A-E6A9-8EB8-D965-8335F7266EC1}.Release|Any CPU.ActiveCfg = Release|Any CPU
		{A9CF4E1A-E6A9-8EB8-D965-8335F7266EC1}.Release|Any CPU.Build.0 = Release|Any CPU
		{A0233515-83A5-BCB6-CDBC-FE9E92340ED8}.Debug|Any CPU.ActiveCfg = Debug|Any CPU
		{A0233515-83A5-BCB6-CDBC-FE9E92340ED8}.Debug|Any CPU.Build.0 = Debug|Any CPU
		{A0233515-83A5-BCB6-CDBC-FE9E92340ED8}.Release|Any CPU.ActiveCfg = Release|Any CPU
		{A0233515-83A5-BCB6-CDBC-FE9E92340ED8}.Release|Any CPU.Build.0 = Release|Any CPU
		{23AE6E40-76D7-C91E-A26F-B61284514921}.Debug|Any CPU.ActiveCfg = Debug|Any CPU
		{23AE6E40-76D7-C91E-A26F-B61284514921}.Debug|Any CPU.Build.0 = Debug|Any CPU
		{23AE6E40-76D7-C91E-A26F-B61284514921}.Release|Any CPU.ActiveCfg = Release|Any CPU
		{23AE6E40-76D7-C91E-A26F-B61284514921}.Release|Any CPU.Build.0 = Release|Any CPU
		{0366F7D7-92C3-6C0B-B398-F8236D59B779}.Debug|Any CPU.ActiveCfg = Debug|Any CPU
		{0366F7D7-92C3-6C0B-B398-F8236D59B779}.Debug|Any CPU.Build.0 = Debug|Any CPU
		{0366F7D7-92C3-6C0B-B398-F8236D59B779}.Release|Any CPU.ActiveCfg = Release|Any CPU
		{0366F7D7-92C3-6C0B-B398-F8236D59B779}.Release|Any CPU.Build.0 = Release|Any CPU
		{A01E7C79-52C5-7740-2D8B-F5502E7C360B}.Debug|Any CPU.ActiveCfg = Debug|Any CPU
		{A01E7C79-52C5-7740-2D8B-F5502E7C360B}.Debug|Any CPU.Build.0 = Debug|Any CPU
		{A01E7C79-52C5-7740-2D8B-F5502E7C360B}.Release|Any CPU.ActiveCfg = Release|Any CPU
		{A01E7C79-52C5-7740-2D8B-F5502E7C360B}.Release|Any CPU.Build.0 = Release|Any CPU
	EndGlobalSection
	GlobalSection(SolutionProperties) = preSolution
		HideSolutionNode = FALSE
	EndGlobalSection
															GlobalSection(MonoDevelopProperties) = preSolution
		StartupItem = Assembly-CSharp.csproj
		Policies = $0
		$0.TextStylePolicy = $1
		$1.inheritsSet = null
		$1.scope = text/x-csharp
		$0.CSharpFormattingPolicy = $2
		$2.inheritsSet = Mono
		$2.inheritsScope = text/x-csharp
		$2.scope = text/x-csharp
		$0.TextStylePolicy = $3
		$3.FileWidth = 120
		$3.TabWidth = 4
		$3.IndentWidth = 4
		$3.EolMarker = Unix
		$3.inheritsSet = Mono
		$3.inheritsScope = text/plain
		$3.scope = text/plain
	EndGlobalSection

EndGlobal
