
Microsoft Visual Studio Solution File, Format Version 12.00
# Visual Studio 2013
Project("{FAE04EC0-301F-11D3-BF4B-00C04F79EFBC}") = "UnityVS.ProjectUpdate.CSharp.Plugins", "UnityVS.ProjectUpdate.CSharp.Plugins.csproj", "{90B43496-350A-B6B5-451A-D1E5B724D8FB}"
EndProject
Project("{FAE04EC0-301F-11D3-BF4B-00C04F79EFBC}") = "UnityVS.ProjectUpdate.CSharp", "UnityVS.ProjectUpdate.CSharp.csproj", "{CE8CECD4-C2EA-F653-674A-2902C563A4A4}"
EndProject
Project("{FAE04EC0-301F-11D3-BF4B-00C04F79EFBC}") = "UnityVS.ProjectUpdate.CSharp.Editor", "UnityVS.ProjectUpdate.CSharp.Editor.csproj", "{FB9CB6B7-BFEA-C575-1255-83F0722DEA17}"
EndProject
Global
	GlobalSection(SolutionConfigurationPlatforms) = preSolution
		Debug|Any CPU = Debug|Any CPU
		Release|Any CPU = Release|Any CPU
	EndGlobalSection
	GlobalSection(ProjectConfigurationPlatforms) = postSolution
		{90B43496-350A-B6B5-451A-D1E5B724D8FB}.Debug|Any CPU.ActiveCfg = Debug|Any CPU
		{90B43496-350A-B6B5-451A-D1E5B724D8FB}.Debug|Any CPU.Build.0 = Debug|Any CPU
		{90B43496-350A-B6B5-451A-D1E5B724D8FB}.Release|Any CPU.ActiveCfg = Release|Any CPU
		{90B43496-350A-B6B5-451A-D1E5B724D8FB}.Release|Any CPU.Build.0 = Release|Any CPU
		{CE8CECD4-C2EA-F653-674A-2902C563A4A4}.Debug|Any CPU.ActiveCfg = Debug|Any CPU
		{CE8CECD4-C2EA-F653-674A-2902C563A4A4}.Debug|Any CPU.Build.0 = Debug|Any CPU
		{CE8CECD4-C2EA-F653-674A-2902C563A4A4}.Release|Any CPU.ActiveCfg = Release|Any CPU
		{CE8CECD4-C2EA-F653-674A-2902C563A4A4}.Release|Any CPU.Build.0 = Release|Any CPU
		{FB9CB6B7-BFEA-C575-1255-83F0722DEA17}.Debug|Any CPU.ActiveCfg = Debug|Any CPU
		{FB9CB6B7-BFEA-C575-1255-83F0722DEA17}.Debug|Any CPU.Build.0 = Debug|Any CPU
		{FB9CB6B7-BFEA-C575-1255-83F0722DEA17}.Release|Any CPU.ActiveCfg = Release|Any CPU
		{FB9CB6B7-BFEA-C575-1255-83F0722DEA17}.Release|Any CPU.Build.0 = Release|Any CPU
	EndGlobalSection
	GlobalSection(SolutionProperties) = preSolution
		HideSolutionNode = FALSE
	EndGlobalSection
EndGlobal
