
Microsoft Visual Studio Solution File, Format Version 12.00
# Visual Studio 2013
Project("{FAE04EC0-301F-11D3-BF4B-00C04F79EFBC}") = "UnityVS.ModifiedProject.CSharp.Plugins", "UnityVS.ModifiedProject.CSharp.Plugins.csproj", "{8A0E2C7E-26A2-F8EB-824E-59052F28DF6B}"
EndProject
Project("{FAE04EC0-301F-11D3-BF4B-00C04F79EFBC}") = "UnityVS.ModifiedProject.CSharp", "UnityVS.ModifiedProject.CSharp.csproj", "{5CCC5031-F6C9-01B9-2F6F-B6076DE72D42}"
EndProject
Project("{FAE04EC0-301F-11D3-BF4B-00C04F79EFBC}") = "UnityVS.ModifiedProject.CSharp.Editor", "UnityVS.ModifiedProject.CSharp.Editor.csproj", "{00C18678-079E-60C2-9D99-7B959CB84CB7}"
EndProject
Global
	GlobalSection(SolutionConfigurationPlatforms) = preSolution
		Debug|Any CPU = Debug|Any CPU
		Release|Any CPU = Release|Any CPU
	EndGlobalSection
	GlobalSection(ProjectConfigurationPlatforms) = postSolution
		{8A0E2C7E-26A2-F8EB-824E-59052F28DF6B}.Debug|Any CPU.ActiveCfg = Debug|Any CPU
		{8A0E2C7E-26A2-F8EB-824E-59052F28DF6B}.Debug|Any CPU.Build.0 = Debug|Any CPU
		{8A0E2C7E-26A2-F8EB-824E-59052F28DF6B}.Release|Any CPU.ActiveCfg = Release|Any CPU
		{8A0E2C7E-26A2-F8EB-824E-59052F28DF6B}.Release|Any CPU.Build.0 = Release|Any CPU
		{5CCC5031-F6C9-01B9-2F6F-B6076DE72D42}.Debug|Any CPU.ActiveCfg = Debug|Any CPU
		{5CCC5031-F6C9-01B9-2F6F-B6076DE72D42}.Debug|Any CPU.Build.0 = Debug|Any CPU
		{5CCC5031-F6C9-01B9-2F6F-B6076DE72D42}.Release|Any CPU.ActiveCfg = Release|Any CPU
		{5CCC5031-F6C9-01B9-2F6F-B6076DE72D42}.Release|Any CPU.Build.0 = Release|Any CPU
		{00C18678-079E-60C2-9D99-7B959CB84CB7}.Debug|Any CPU.ActiveCfg = Debug|Any CPU
		{00C18678-079E-60C2-9D99-7B959CB84CB7}.Debug|Any CPU.Build.0 = Debug|Any CPU
		{00C18678-079E-60C2-9D99-7B959CB84CB7}.Release|Any CPU.ActiveCfg = Release|Any CPU
		{00C18678-079E-60C2-9D99-7B959CB84CB7}.Release|Any CPU.Build.0 = Release|Any CPU
	EndGlobalSection
	GlobalSection(SolutionProperties) = preSolution
		HideSolutionNode = FALSE
	EndGlobalSection
EndGlobal
